
Microsoft Visual Studio Solution File, Format Version 12.00
# Visual Studio Version 17
VisualStudioVersion = 17.14.36705.20
MinimumVisualStudioVersion = 10.0.40219.1
Project("{FAE04EC0-301F-11D3-BF4B-00C04F79EFBC}") = "E-Store", "E-Store\E-Store.csproj", "{02AF77CE-7180-4931-99D8-9819B578295D}"
EndProject
Project("{2150E333-8FDC-42A3-9474-1A3956D46DE8}") = "Core", "Core", "{02EA681E-C7D8-13C7-8484-4AC65E1B71E8}"
EndProject
Project("{2150E333-8FDC-42A3-9474-1A3956D46DE8}") = "Infrastructure", "Infrastructure", "{E6E53650-C70A-49C2-B231-94BD604F3799}"
EndProject
Project("{FAE04EC0-301F-11D3-BF4B-00C04F79EFBC}") = "Domain", "Core\Domain\Domain.csproj", "{0B2E1DBD-C5C6-4025-81E1-7B382DD29B0C}"
EndProject
Project("{FAE04EC0-301F-11D3-BF4B-00C04F79EFBC}") = "Presentation", "Infrastructure\Presentation\Presentation.csproj", "{A3BCAF93-5E58-4D2C-A508-D7E17172691F}"
EndProject
Project("{FAE04EC0-301F-11D3-BF4B-00C04F79EFBC}") = "Services", "Core\Services\Services.csproj", "{CCD7785B-F453-4BF6-AB9C-24DEB8C7A72C}"
EndProject
Project("{FAE04EC0-301F-11D3-BF4B-00C04F79EFBC}") = "ServicesAbstractions", "Core\ServicesAbstractions\ServicesAbstractions.csproj", "{565EB29D-3703-47D3-8BF3-2DA75457850D}"
EndProject
Project("{FAE04EC0-301F-11D3-BF4B-00C04F79EFBC}") = "Persistance", "Infrastructure\Persistance\Persistance.csproj", "{528FE70B-6CED-40FB-B2D8-4216B031F365}"
EndProject
Project("{FAE04EC0-301F-11D3-BF4B-00C04F79EFBC}") = "Shared", "Shared\Shared.csproj", "{59EE88E4-5D47-483D-B250-72D17B39467D}"
EndProject
Global
	GlobalSection(SolutionConfigurationPlatforms) = preSolution
		Debug|Any CPU = Debug|Any CPU
		Release|Any CPU = Release|Any CPU
	EndGlobalSection
	GlobalSection(ProjectConfigurationPlatforms) = postSolution
		{02AF77CE-7180-4931-99D8-9819B578295D}.Debug|Any CPU.ActiveCfg = Debug|Any CPU
		{02AF77CE-7180-4931-99D8-9819B578295D}.Debug|Any CPU.Build.0 = Debug|Any CPU
		{02AF77CE-7180-4931-99D8-9819B578295D}.Release|Any CPU.ActiveCfg = Release|Any CPU
		{02AF77CE-7180-4931-99D8-9819B578295D}.Release|Any CPU.Build.0 = Release|Any CPU
		{0B2E1DBD-C5C6-4025-81E1-7B382DD29B0C}.Debug|Any CPU.ActiveCfg = Debug|Any CPU
		{0B2E1DBD-C5C6-4025-81E1-7B382DD29B0C}.Debug|Any CPU.Build.0 = Debug|Any CPU
		{0B2E1DBD-C5C6-4025-81E1-7B382DD29B0C}.Release|Any CPU.ActiveCfg = Release|Any CPU
		{0B2E1DBD-C5C6-4025-81E1-7B382DD29B0C}.Release|Any CPU.Build.0 = Release|Any CPU
		{A3BCAF93-5E58-4D2C-A508-D7E17172691F}.Debug|Any CPU.ActiveCfg = Debug|Any CPU
		{A3BCAF93-5E58-4D2C-A508-D7E17172691F}.Debug|Any CPU.Build.0 = Debug|Any CPU
		{A3BCAF93-5E58-4D2C-A508-D7E17172691F}.Release|Any CPU.ActiveCfg = Release|Any CPU
		{A3BCAF93-5E58-4D2C-A508-D7E17172691F}.Release|Any CPU.Build.0 = Release|Any CPU
		{CCD7785B-F453-4BF6-AB9C-24DEB8C7A72C}.Debug|Any CPU.ActiveCfg = Debug|Any CPU
		{CCD7785B-F453-4BF6-AB9C-24DEB8C7A72C}.Debug|Any CPU.Build.0 = Debug|Any CPU
		{CCD7785B-F453-4BF6-AB9C-24DEB8C7A72C}.Release|Any CPU.ActiveCfg = Release|Any CPU
		{CCD7785B-F453-4BF6-AB9C-24DEB8C7A72C}.Release|Any CPU.Build.0 = Release|Any CPU
		{565EB29D-3703-47D3-8BF3-2DA75457850D}.Debug|Any CPU.ActiveCfg = Debug|Any CPU
		{565EB29D-3703-47D3-8BF3-2DA75457850D}.Debug|Any CPU.Build.0 = Debug|Any CPU
		{565EB29D-3703-47D3-8BF3-2DA75457850D}.Release|Any CPU.ActiveCfg = Release|Any CPU
		{565EB29D-3703-47D3-8BF3-2DA75457850D}.Release|Any CPU.Build.0 = Release|Any CPU
		{528FE70B-6CED-40FB-B2D8-4216B031F365}.Debug|Any CPU.ActiveCfg = Debug|Any CPU
		{528FE70B-6CED-40FB-B2D8-4216B031F365}.Debug|Any CPU.Build.0 = Debug|Any CPU
		{528FE70B-6CED-40FB-B2D8-4216B031F365}.Release|Any CPU.ActiveCfg = Release|Any CPU
		{528FE70B-6CED-40FB-B2D8-4216B031F365}.Release|Any CPU.Build.0 = Release|Any CPU
		{59EE88E4-5D47-483D-B250-72D17B39467D}.Debug|Any CPU.ActiveCfg = Debug|Any CPU
		{59EE88E4-5D47-483D-B250-72D17B39467D}.Debug|Any CPU.Build.0 = Debug|Any CPU
		{59EE88E4-5D47-483D-B250-72D17B39467D}.Release|Any CPU.ActiveCfg = Release|Any CPU
		{59EE88E4-5D47-483D-B250-72D17B39467D}.Release|Any CPU.Build.0 = Release|Any CPU
	EndGlobalSection
	GlobalSection(SolutionProperties) = preSolution
		HideSolutionNode = FALSE
	EndGlobalSection
	GlobalSection(NestedProjects) = preSolution
		{0B2E1DBD-C5C6-4025-81E1-7B382DD29B0C} = {02EA681E-C7D8-13C7-8484-4AC65E1B71E8}
		{A3BCAF93-5E58-4D2C-A508-D7E17172691F} = {E6E53650-C70A-49C2-B231-94BD604F3799}
		{CCD7785B-F453-4BF6-AB9C-24DEB8C7A72C} = {02EA681E-C7D8-13C7-8484-4AC65E1B71E8}
		{565EB29D-3703-47D3-8BF3-2DA75457850D} = {02EA681E-C7D8-13C7-8484-4AC65E1B71E8}
		{528FE70B-6CED-40FB-B2D8-4216B031F365} = {E6E53650-C70A-49C2-B231-94BD604F3799}
	EndGlobalSection
	GlobalSection(ExtensibilityGlobals) = postSolution
		SolutionGuid = {361CFD0C-A0F4-460C-9506-3A66D9C45A91}
	EndGlobalSection
EndGlobal
